
Microsoft Visual Studio Solution File, Format Version 12.00
# Visual Studio Version 17
VisualStudioVersion = 17.7.34031.279
MinimumVisualStudioVersion = 10.0.40219.1
Project("{FAE04EC0-301F-11D3-BF4B-00C04F79EFBC}") = "P6_3_714220054", "P6_3_714220054\P6_3_714220054.csproj", "{D3B8DA7F-9B46-4C2D-BC9F-016A7608D967}"
EndProject
Global
	GlobalSection(SolutionConfigurationPlatforms) = preSolution
		Debug|Any CPU = Debug|Any CPU
		Release|Any CPU = Release|Any CPU
	EndGlobalSection
	GlobalSection(ProjectConfigurationPlatforms) = postSolution
		{D3B8DA7F-9B46-4C2D-BC9F-016A7608D967}.Debug|Any CPU.ActiveCfg = Debug|Any CPU
		{D3B8DA7F-9B46-4C2D-BC9F-016A7608D967}.Debug|Any CPU.Build.0 = Debug|Any CPU
		{D3B8DA7F-9B46-4C2D-BC9F-016A7608D967}.Release|Any CPU.ActiveCfg = Release|Any CPU
		{D3B8DA7F-9B46-4C2D-BC9F-016A7608D967}.Release|Any CPU.Build.0 = Release|Any CPU
	EndGlobalSection
	GlobalSection(SolutionProperties) = preSolution
		HideSolutionNode = FALSE
	EndGlobalSection
	GlobalSection(ExtensibilityGlobals) = postSolution
		SolutionGuid = {80F6D5B0-F582-4E9A-9686-10B037983BAB}
	EndGlobalSection
EndGlobal
