
Microsoft Visual Studio Solution File, Format Version 12.00
# Visual Studio Version 17
VisualStudioVersion = 17.7.34031.279
MinimumVisualStudioVersion = 10.0.40219.1
Project("{FAE04EC0-301F-11D3-BF4B-00C04F79EFBC}") = "P4_1_714220054", "P4_1_714220054\P4_1_714220054.csproj", "{FD04F23A-229B-4492-B14E-A78AA10A223A}"
EndProject
Global
	GlobalSection(SolutionConfigurationPlatforms) = preSolution
		Debug|Any CPU = Debug|Any CPU
		Release|Any CPU = Release|Any CPU
	EndGlobalSection
	GlobalSection(ProjectConfigurationPlatforms) = postSolution
		{FD04F23A-229B-4492-B14E-A78AA10A223A}.Debug|Any CPU.ActiveCfg = Debug|Any CPU
		{FD04F23A-229B-4492-B14E-A78AA10A223A}.Debug|Any CPU.Build.0 = Debug|Any CPU
		{FD04F23A-229B-4492-B14E-A78AA10A223A}.Release|Any CPU.ActiveCfg = Release|Any CPU
		{FD04F23A-229B-4492-B14E-A78AA10A223A}.Release|Any CPU.Build.0 = Release|Any CPU
	EndGlobalSection
	GlobalSection(SolutionProperties) = preSolution
		HideSolutionNode = FALSE
	EndGlobalSection
	GlobalSection(ExtensibilityGlobals) = postSolution
		SolutionGuid = {9F56E243-825F-47C6-8BF9-0408E4F13435}
	EndGlobalSection
EndGlobal
