
Microsoft Visual Studio Solution File, Format Version 12.00
# Visual Studio Version 17
VisualStudioVersion = 17.7.34031.279
MinimumVisualStudioVersion = 10.0.40219.1
Project("{FAE04EC0-301F-11D3-BF4B-00C04F79EFBC}") = "P7_1_714220054", "P7_1_714220054\P7_1_714220054.csproj", "{F19B5034-C12B-4FD9-A579-033CCBC27187}"
EndProject
Global
	GlobalSection(SolutionConfigurationPlatforms) = preSolution
		Debug|Any CPU = Debug|Any CPU
		Release|Any CPU = Release|Any CPU
	EndGlobalSection
	GlobalSection(ProjectConfigurationPlatforms) = postSolution
		{F19B5034-C12B-4FD9-A579-033CCBC27187}.Debug|Any CPU.ActiveCfg = Debug|Any CPU
		{F19B5034-C12B-4FD9-A579-033CCBC27187}.Debug|Any CPU.Build.0 = Debug|Any CPU
		{F19B5034-C12B-4FD9-A579-033CCBC27187}.Release|Any CPU.ActiveCfg = Release|Any CPU
		{F19B5034-C12B-4FD9-A579-033CCBC27187}.Release|Any CPU.Build.0 = Release|Any CPU
	EndGlobalSection
	GlobalSection(SolutionProperties) = preSolution
		HideSolutionNode = FALSE
	EndGlobalSection
	GlobalSection(ExtensibilityGlobals) = postSolution
		SolutionGuid = {F3B37949-F490-416C-A497-C2DB154E7A9F}
	EndGlobalSection
EndGlobal
