
Microsoft Visual Studio Solution File, Format Version 12.00
# Visual Studio Version 17
VisualStudioVersion = 17.7.34031.279
MinimumVisualStudioVersion = 10.0.40219.1
Project("{FAE04EC0-301F-11D3-BF4B-00C04F79EFBC}") = "p2_1_714220054", "p2_1_714220054\p2_1_714220054.csproj", "{308A3D2B-37E7-467A-ADFF-2CA99E00052F}"
EndProject
Global
	GlobalSection(SolutionConfigurationPlatforms) = preSolution
		Debug|Any CPU = Debug|Any CPU
		Release|Any CPU = Release|Any CPU
	EndGlobalSection
	GlobalSection(ProjectConfigurationPlatforms) = postSolution
		{308A3D2B-37E7-467A-ADFF-2CA99E00052F}.Debug|Any CPU.ActiveCfg = Debug|Any CPU
		{308A3D2B-37E7-467A-ADFF-2CA99E00052F}.Debug|Any CPU.Build.0 = Debug|Any CPU
		{308A3D2B-37E7-467A-ADFF-2CA99E00052F}.Release|Any CPU.ActiveCfg = Release|Any CPU
		{308A3D2B-37E7-467A-ADFF-2CA99E00052F}.Release|Any CPU.Build.0 = Release|Any CPU
	EndGlobalSection
	GlobalSection(SolutionProperties) = preSolution
		HideSolutionNode = FALSE
	EndGlobalSection
	GlobalSection(ExtensibilityGlobals) = postSolution
		SolutionGuid = {2AD03CC7-A7BD-44AB-947C-A90BFF9E4FC6}
	EndGlobalSection
EndGlobal
