
Microsoft Visual Studio Solution File, Format Version 12.00
# Visual Studio Version 17
VisualStudioVersion = 17.7.34031.279
MinimumVisualStudioVersion = 10.0.40219.1
Project("{FAE04EC0-301F-11D3-BF4B-00C04F79EFBC}") = "P6_1_714220054", "P6_1_714220054\P6_1_714220054.csproj", "{5391C2CA-C3E3-4229-8D53-0553D45A9775}"
EndProject
Global
	GlobalSection(SolutionConfigurationPlatforms) = preSolution
		Debug|Any CPU = Debug|Any CPU
		Release|Any CPU = Release|Any CPU
	EndGlobalSection
	GlobalSection(ProjectConfigurationPlatforms) = postSolution
		{5391C2CA-C3E3-4229-8D53-0553D45A9775}.Debug|Any CPU.ActiveCfg = Debug|Any CPU
		{5391C2CA-C3E3-4229-8D53-0553D45A9775}.Debug|Any CPU.Build.0 = Debug|Any CPU
		{5391C2CA-C3E3-4229-8D53-0553D45A9775}.Release|Any CPU.ActiveCfg = Release|Any CPU
		{5391C2CA-C3E3-4229-8D53-0553D45A9775}.Release|Any CPU.Build.0 = Release|Any CPU
	EndGlobalSection
	GlobalSection(SolutionProperties) = preSolution
		HideSolutionNode = FALSE
	EndGlobalSection
	GlobalSection(ExtensibilityGlobals) = postSolution
		SolutionGuid = {4E88E961-F2E2-4DFB-9A50-E4F284174CAD}
	EndGlobalSection
EndGlobal
